
Microsoft Visual Studio Solution File, Format Version 12.00
# Visual Studio Version 17
VisualStudioVersion = 17.9.34728.123
MinimumVisualStudioVersion = 10.0.40219.1
Project("{8BC9CEB8-8B4A-11D0-8D11-00A0C91BC942}") = "C++11_Beginner", "C++11_Beginner\C++11_Beginner.vcxproj", "{FA940CB5-200D-4EED-940B-3D29B7F07118}"
EndProject
Global
	GlobalSection(SolutionConfigurationPlatforms) = preSolution
		Debug|x64 = Debug|x64
		Debug|x86 = Debug|x86
		Release|x64 = Release|x64
		Release|x86 = Release|x86
	EndGlobalSection
	GlobalSection(ProjectConfigurationPlatforms) = postSolution
		{FA940CB5-200D-4EED-940B-3D29B7F07118}.Debug|x64.ActiveCfg = Debug|x64
		{FA940CB5-200D-4EED-940B-3D29B7F07118}.Debug|x64.Build.0 = Debug|x64
		{FA940CB5-200D-4EED-940B-3D29B7F07118}.Debug|x86.ActiveCfg = Debug|Win32
		{FA940CB5-200D-4EED-940B-3D29B7F07118}.Debug|x86.Build.0 = Debug|Win32
		{FA940CB5-200D-4EED-940B-3D29B7F07118}.Release|x64.ActiveCfg = Release|x64
		{FA940CB5-200D-4EED-940B-3D29B7F07118}.Release|x64.Build.0 = Release|x64
		{FA940CB5-200D-4EED-940B-3D29B7F07118}.Release|x86.ActiveCfg = Release|Win32
		{FA940CB5-200D-4EED-940B-3D29B7F07118}.Release|x86.Build.0 = Release|Win32
	EndGlobalSection
	GlobalSection(SolutionProperties) = preSolution
		HideSolutionNode = FALSE
	EndGlobalSection
	GlobalSection(ExtensibilityGlobals) = postSolution
		SolutionGuid = {E6EF6B70-3C52-4FE1-8E8C-045F0105418E}
	EndGlobalSection
EndGlobal
